# THIS IS AN AUTOGENERATED FILE. DO NOT EDIT THIS FILE DIRECTLY.
# yarn lockfile v1


flow-bin@^0.132.0:
  version "0.132.0"
  resolved "https://registry.npm.taobao.org/flow-bin/download/flow-bin-0.132.0.tgz#8bf80a79630db24bd1422dc2cc4b5e97f97ccb98"
  integrity sha1-i/gKeWMNskvRQi3CzEtel/l8y5g=

flow-parser@^0.132.0:
  version "0.132.0"
  resolved "https://registry.npm.taobao.org/flow-parser/download/flow-parser-0.132.0.tgz#68c9aea4cfd84577337559a6f121ef3ab687a251"
  integrity sha1-aMmupM/YRXczdVmm8SHvOraHolE=

flow-remove-types@^2.132.0:
  version "2.132.0"
  resolved "https://registry.npm.taobao.org/flow-remove-types/download/flow-remove-types-2.132.0.tgz#7adc416336f96eb00a8603df4aef919e8b648e28"
  integrity sha1-etxBYzb5brAKhgPfSu+Rnotkjig=
  dependencies:
    flow-parser "^0.132.0"
    pirates "^3.0.2"
    vlq "^0.2.1"

node-modules-regexp@^1.0.0:
  version "1.0.0"
  resolved "https://registry.npm.taobao.org/node-modules-regexp/download/node-modules-regexp-1.0.0.tgz#8d9dbe28964a4ac5712e9131642107c71e90ec40"
  integrity sha1-jZ2+KJZKSsVxLpExZCEHxx6Q7EA=

pirates@^3.0.2:
  version "3.0.2"
  resolved "https://registry.npm.taobao.org/pirates/download/pirates-3.0.2.tgz#7e6f85413fd9161ab4e12b539b06010d85954bb9"
  integrity sha1-fm+FQT/ZFhq04StTmwYBDYWVS7k=
  dependencies:
    node-modules-regexp "^1.0.0"

tsc@^1.20150623.0:
  version "1.20150623.0"
  resolved "https://registry.npm.taobao.org/tsc/download/tsc-1.20150623.0.tgz#4ebc3c774e169148cbc768a7342533f082c7a6e5"
  integrity sha1-Trw8d04WkUjLx2inNCUz8ILHpuU=

typescript@^3.7.2:
  version "3.9.7"
  resolved "https://registry.npm.taobao.org/typescript/download/typescript-3.9.7.tgz?cache=0&sync_timestamp=1598772753093&other_urls=https%3A%2F%2Fregistry.npm.taobao.org%2Ftypescript%2Fdownload%2Ftypescript-3.9.7.tgz#98d600a5ebdc38f40cb277522f12dc800e9e25fa"
  integrity sha1-mNYApevcOPQMsndSLxLcgA6eJfo=

vlq@^0.2.1:
  version "0.2.3"
  resolved "https://registry.npm.taobao.org/vlq/download/vlq-0.2.3.tgz#8f3e4328cf63b1540c0d67e1b2778386f8975b26"
  integrity sha1-jz5DKM9jsVQMDWfhsneDhviXWyY=
